
Microsoft Visual Studio Solution File, Format Version 12.00
# Visual Studio Version 17
VisualStudioVersion = 17.2.32505.173
MinimumVisualStudioVersion = 10.0.40219.1
Project("{FAE04EC0-301F-11D3-BF4B-00C04F79EFBC}") = "KhalifaCommunityAPI", "KhalifaCommunityAPI\KhalifaCommunityAPI.csproj", "{772B6BBC-5D87-401C-B930-F6D0BCC8DD57}"
EndProject
Global
	GlobalSection(SolutionConfigurationPlatforms) = preSolution
		Debug|Any CPU = Debug|Any CPU
		Release|Any CPU = Release|Any CPU
	EndGlobalSection
	GlobalSection(ProjectConfigurationPlatforms) = postSolution
		{772B6BBC-5D87-401C-B930-F6D0BCC8DD57}.Debug|Any CPU.ActiveCfg = Debug|Any CPU
		{772B6BBC-5D87-401C-B930-F6D0BCC8DD57}.Debug|Any CPU.Build.0 = Debug|Any CPU
		{772B6BBC-5D87-401C-B930-F6D0BCC8DD57}.Release|Any CPU.ActiveCfg = Release|Any CPU
		{772B6BBC-5D87-401C-B930-F6D0BCC8DD57}.Release|Any CPU.Build.0 = Release|Any CPU
	EndGlobalSection
	GlobalSection(SolutionProperties) = preSolution
		HideSolutionNode = FALSE
	EndGlobalSection
	GlobalSection(ExtensibilityGlobals) = postSolution
		SolutionGuid = {791F5C3F-4111-4226-9379-AC5A17D7637F}
	EndGlobalSection
EndGlobal
